
Microsoft Visual Studio Solution File, Format Version 12.00
# Visual Studio Version 17
VisualStudioVersion = 17.7.34202.233
MinimumVisualStudioVersion = 10.0.40219.1
Project("{FAE04EC0-301F-11D3-BF4B-00C04F79EFBC}") = "LastTask", "LastTask\LastTask.csproj", "{6D4151D1-424E-4FED-83BA-FA100E5211C0}"
EndProject
Project("{FAE04EC0-301F-11D3-BF4B-00C04F79EFBC}") = "DB", "DB\DB.csproj", "{C46E46B8-5072-433F-8687-30D8F0FB6D85}"
EndProject
Project("{FAE04EC0-301F-11D3-BF4B-00C04F79EFBC}") = "Entities", "Entities\Entities.csproj", "{4267D54A-282D-4E6F-8388-0ECD9268EAFB}"
EndProject
Global
	GlobalSection(SolutionConfigurationPlatforms) = preSolution
		Debug|Any CPU = Debug|Any CPU
		Release|Any CPU = Release|Any CPU
	EndGlobalSection
	GlobalSection(ProjectConfigurationPlatforms) = postSolution
		{6D4151D1-424E-4FED-83BA-FA100E5211C0}.Debug|Any CPU.ActiveCfg = Debug|Any CPU
		{6D4151D1-424E-4FED-83BA-FA100E5211C0}.Debug|Any CPU.Build.0 = Debug|Any CPU
		{6D4151D1-424E-4FED-83BA-FA100E5211C0}.Release|Any CPU.ActiveCfg = Release|Any CPU
		{6D4151D1-424E-4FED-83BA-FA100E5211C0}.Release|Any CPU.Build.0 = Release|Any CPU
		{C46E46B8-5072-433F-8687-30D8F0FB6D85}.Debug|Any CPU.ActiveCfg = Debug|Any CPU
		{C46E46B8-5072-433F-8687-30D8F0FB6D85}.Debug|Any CPU.Build.0 = Debug|Any CPU
		{C46E46B8-5072-433F-8687-30D8F0FB6D85}.Release|Any CPU.ActiveCfg = Release|Any CPU
		{C46E46B8-5072-433F-8687-30D8F0FB6D85}.Release|Any CPU.Build.0 = Release|Any CPU
		{4267D54A-282D-4E6F-8388-0ECD9268EAFB}.Debug|Any CPU.ActiveCfg = Debug|Any CPU
		{4267D54A-282D-4E6F-8388-0ECD9268EAFB}.Debug|Any CPU.Build.0 = Debug|Any CPU
		{4267D54A-282D-4E6F-8388-0ECD9268EAFB}.Release|Any CPU.ActiveCfg = Release|Any CPU
		{4267D54A-282D-4E6F-8388-0ECD9268EAFB}.Release|Any CPU.Build.0 = Release|Any CPU
	EndGlobalSection
	GlobalSection(SolutionProperties) = preSolution
		HideSolutionNode = FALSE
	EndGlobalSection
	GlobalSection(ExtensibilityGlobals) = postSolution
		SolutionGuid = {EC84B4F2-DE2D-413E-A392-30EF5EA74229}
	EndGlobalSection
EndGlobal
